<?xml version="1.0" encoding="utf-8"?>
<Project ToolsVersion="4.0" xmlns="http://schemas.microsoft.com/developer/msbuild/2003">
  <ItemGroup>
    <ClCompile Include="Main_Win32.cpp">
      <Filter>GameCode</Filter>
    </ClCompile>
    <ClCompile Include="TheApp.cpp">
      <Filter>GameCode</Filter>
    </ClCompile>
    <ClCompile Include="Cell.cpp">
      <Filter>GameCode</Filter>
    </ClCompile>
    <ClCompile Include="Map.cpp">
      <Filter>GameCode</Filter>
    </ClCompile>
    <ClCompile Include="Inventory.cpp">
      <Filter>GameCode</Filter>
    </ClCompile>
    <ClCompile Include="Game.cpp">
      <Filter>GameCode</Filter>
    </ClCompile>
    <ClCompile Include="MainMenu.cpp">
      <Filter>GameCode</Filter>
    </ClCompile>
    <ClCompile Include="Generators\BaseMapGenerator.cpp">
      <Filter>GameCode\Generators</Filter>
    </ClCompile>
    <ClCompile Include="Generators\CellularAutomatonMapGenerator.cpp">
      <Filter>GameCode\Generators</Filter>
    </ClCompile>
    <ClCompile Include="Entities\Entity.cpp">
      <Filter>GameCode\Entities</Filter>
    </ClCompile>
    <ClCompile Include="Entities\Feature.cpp">
      <Filter>GameCode\Entities</Filter>
    </ClCompile>
    <ClCompile Include="Entities\Item.cpp">
      <Filter>GameCode\Entities</Filter>
    </ClCompile>
    <ClCompile Include="Entities\NPC.cpp">
      <Filter>GameCode\Entities</Filter>
    </ClCompile>
    <ClCompile Include="Entities\Actor.cpp">
      <Filter>GameCode\Entities</Filter>
    </ClCompile>
    <ClCompile Include="QuestMenu.cpp">
      <Filter>GameCode</Filter>
    </ClCompile>
    <ClCompile Include="Generators\FromDataMapGenerator.cpp">
      <Filter>GameCode\Generators</Filter>
    </ClCompile>
    <ClCompile Include="Generators\DungeonGenerator.cpp">
      <Filter>GameCode\Generators</Filter>
    </ClCompile>
    <ClCompile Include="Entities\Player.cpp">
      <Filter>GameCode\Entities</Filter>
    </ClCompile>
    <ClCompile Include="Pathfinder.cpp">
      <Filter>GameCode</Filter>
    </ClCompile>
    <ClCompile Include="FieldOfViewCalculator.cpp">
      <Filter>GameCode</Filter>
    </ClCompile>
    <ClCompile Include="NPCFactory.cpp">
      <Filter>GameCode</Filter>
    </ClCompile>
    <ClCompile Include="AIBehaviors\WanderBehavior.cpp">
      <Filter>GameCode\AIBehaviors</Filter>
    </ClCompile>
    <ClCompile Include="AIBehaviors\BaseAIBehavior.cpp">
      <Filter>GameCode\AIBehaviors</Filter>
    </ClCompile>
    <ClCompile Include="AIBehaviors\ChaseBehavior.cpp">
      <Filter>GameCode\AIBehaviors</Filter>
    </ClCompile>
    <ClCompile Include="Faction.cpp">
      <Filter>GameCode</Filter>
    </ClCompile>
    <ClCompile Include="StatusBar.cpp">
      <Filter>GameCode</Filter>
    </ClCompile>
    <ClCompile Include="CombatSystem.cpp">
      <Filter>GameCode</Filter>
    </ClCompile>
    <ClCompile Include="AIBehaviors\MeleeAttackBehavior.cpp">
      <Filter>GameCode\AIBehaviors</Filter>
    </ClCompile>
    <ClCompile Include="GameOverMenu.cpp">
      <Filter>GameCode</Filter>
    </ClCompile>
    <ClCompile Include="MessageBar.cpp">
      <Filter>GameCode</Filter>
    </ClCompile>
    <ClCompile Include="ItemFactory.cpp">
      <Filter>GameCode</Filter>
    </ClCompile>
    <ClCompile Include="AIBehaviors\InspectItemBehavior.cpp">
      <Filter>GameCode\AIBehaviors</Filter>
    </ClCompile>
    <ClCompile Include="AIBehaviors\PickupItemBehavior.cpp">
      <Filter>GameCode\AIBehaviors</Filter>
    </ClCompile>
    <ClCompile Include="FeatureFactory.cpp">
      <Filter>GameCode</Filter>
    </ClCompile>
    <ClCompile Include="AIBehaviors\FollowBehavior.cpp">
      <Filter>GameCode\AIBehaviors</Filter>
    </ClCompile>
    <ClCompile Include="AIBehaviors\TeleportBehavior.cpp">
      <Filter>GameCode\AIBehaviors</Filter>
    </ClCompile>
    <ClCompile Include="AIBehaviors\DrainLifeBehavior.cpp">
      <Filter>GameCode\AIBehaviors</Filter>
    </ClCompile>
    <ClCompile Include="AIBehaviors\TurnUndeadBehavior.cpp">
      <Filter>GameCode\AIBehaviors</Filter>
    </ClCompile>
    <ClCompile Include="Generators\CatacombGenerator.cpp">
      <Filter>GameCode\Generators</Filter>
    </ClCompile>
  </ItemGroup>
  <ItemGroup>
    <ClInclude Include="TheApp.hpp">
      <Filter>GameCode</Filter>
    </ClInclude>
    <ClInclude Include="Cell.hpp">
      <Filter>GameCode</Filter>
    </ClInclude>
    <ClInclude Include="Map.hpp">
      <Filter>GameCode</Filter>
    </ClInclude>
    <ClInclude Include="Inventory.hpp">
      <Filter>GameCode</Filter>
    </ClInclude>
    <ClInclude Include="Game.hpp">
      <Filter>GameCode</Filter>
    </ClInclude>
    <ClInclude Include="MainMenu.hpp">
      <Filter>GameCode</Filter>
    </ClInclude>
    <ClInclude Include="Generators\BaseMapGenerator.hpp">
      <Filter>GameCode\Generators</Filter>
    </ClInclude>
    <ClInclude Include="Generators\CellularAutomatonMapGenerator.hpp">
      <Filter>GameCode\Generators</Filter>
    </ClInclude>
    <ClInclude Include="Entities\Actor.hpp">
      <Filter>GameCode\Entities</Filter>
    </ClInclude>
    <ClInclude Include="Entities\Entity.hpp">
      <Filter>GameCode\Entities</Filter>
    </ClInclude>
    <ClInclude Include="Entities\Feature.hpp">
      <Filter>GameCode\Entities</Filter>
    </ClInclude>
    <ClInclude Include="Entities\Item.hpp">
      <Filter>GameCode\Entities</Filter>
    </ClInclude>
    <ClInclude Include="Entities\NPC.hpp">
      <Filter>GameCode\Entities</Filter>
    </ClInclude>
    <ClInclude Include="QuestMenu.hpp">
      <Filter>GameCode</Filter>
    </ClInclude>
    <ClInclude Include="Generators\FromDataMapGenerator.hpp">
      <Filter>GameCode\Generators</Filter>
    </ClInclude>
    <ClInclude Include="Generators\DungeonGenerator.hpp">
      <Filter>GameCode\Generators</Filter>
    </ClInclude>
    <ClInclude Include="Entities\Player.hpp">
      <Filter>GameCode\Entities</Filter>
    </ClInclude>
    <ClInclude Include="Pathfinder.hpp">
      <Filter>GameCode</Filter>
    </ClInclude>
    <ClInclude Include="FieldOfViewCalculator.hpp">
      <Filter>GameCode</Filter>
    </ClInclude>
    <ClInclude Include="NPCFactory.hpp">
      <Filter>GameCode</Filter>
    </ClInclude>
    <ClInclude Include="AIBehaviors\BaseAIBehavior.hpp">
      <Filter>GameCode\AIBehaviors</Filter>
    </ClInclude>
    <ClInclude Include="AIBehaviors\WanderBehavior.hpp">
      <Filter>GameCode\AIBehaviors</Filter>
    </ClInclude>
    <ClInclude Include="AIBehaviors\ChaseBehavior.hpp">
      <Filter>GameCode\AIBehaviors</Filter>
    </ClInclude>
    <ClInclude Include="Faction.hpp">
      <Filter>GameCode</Filter>
    </ClInclude>
    <ClInclude Include="StatusBar.hpp">
      <Filter>GameCode</Filter>
    </ClInclude>
    <ClInclude Include="CombatSystem.hpp">
      <Filter>GameCode</Filter>
    </ClInclude>
    <ClInclude Include="AIBehaviors\MeleeAttackBehavior.hpp">
      <Filter>GameCode\AIBehaviors</Filter>
    </ClInclude>
    <ClInclude Include="GameOverMenu.hpp">
      <Filter>GameCode</Filter>
    </ClInclude>
    <ClInclude Include="MessageBar.hpp">
      <Filter>GameCode</Filter>
    </ClInclude>
    <ClInclude Include="ItemFactory.hpp">
      <Filter>GameCode</Filter>
    </ClInclude>
    <ClInclude Include="AIBehaviors\InspectItemBehavior.hpp">
      <Filter>GameCode\AIBehaviors</Filter>
    </ClInclude>
    <ClInclude Include="AIBehaviors\PickupItemBehavior.hpp">
      <Filter>GameCode\AIBehaviors</Filter>
    </ClInclude>
    <ClInclude Include="FeatureFactory.hpp">
      <Filter>GameCode</Filter>
    </ClInclude>
    <ClInclude Include="AIBehaviors\FollowBehavior.hpp">
      <Filter>GameCode\AIBehaviors</Filter>
    </ClInclude>
    <ClInclude Include="AIBehaviors\TeleportBehavior.hpp">
      <Filter>GameCode\AIBehaviors</Filter>
    </ClInclude>
    <ClInclude Include="AIBehaviors\DrainLifeBehavior.hpp">
      <Filter>GameCode\AIBehaviors</Filter>
    </ClInclude>
    <ClInclude Include="AIBehaviors\TurnUndeadBehavior.hpp">
      <Filter>GameCode\AIBehaviors</Filter>
    </ClInclude>
    <ClInclude Include="Generators\CatacombGenerator.hpp">
      <Filter>GameCode\Generators</Filter>
    </ClInclude>
  </ItemGroup>
  <ItemGroup>
    <Filter Include="GameCode">
      <UniqueIdentifier>{f4a11470-e0c5-4953-926a-941bdc450c57}</UniqueIdentifier>
    </Filter>
    <Filter Include="GameCode\Generators">
      <UniqueIdentifier>{8b51ecae-25e8-40d9-961a-79127c4c057b}</UniqueIdentifier>
    </Filter>
    <Filter Include="GameCode\Entities">
      <UniqueIdentifier>{5842e8ea-8fda-440b-975f-10a1f375bdd7}</UniqueIdentifier>
    </Filter>
    <Filter Include="Data">
      <UniqueIdentifier>{d588cd97-b4dd-4a1a-91ee-15bdb13e205b}</UniqueIdentifier>
    </Filter>
    <Filter Include="Data\Shaders">
      <UniqueIdentifier>{fae30f3c-605f-4b9e-a29d-48225b86e1d3}</UniqueIdentifier>
    </Filter>
    <Filter Include="Data\Maps">
      <UniqueIdentifier>{0ca4b19e-e904-4621-ae2e-edf404a08446}</UniqueIdentifier>
    </Filter>
    <Filter Include="GameCode\AIBehaviors">
      <UniqueIdentifier>{ca44fb83-22fe-4c6e-983a-4daca68e145e}</UniqueIdentifier>
    </Filter>
    <Filter Include="Data\NPCs">
      <UniqueIdentifier>{b9d8e7d9-bd6a-4058-b34b-7739baa4aa7d}</UniqueIdentifier>
    </Filter>
    <Filter Include="Data\Items">
      <UniqueIdentifier>{9acaccd9-5727-4248-8221-a992769f4cba}</UniqueIdentifier>
    </Filter>
    <Filter Include="Data\Features">
      <UniqueIdentifier>{ef4a0b97-6daa-4d79-9c06-ef71344f2acd}</UniqueIdentifier>
    </Filter>
  </ItemGroup>
  <ItemGroup>
    <None Include="..\Run_Win32\Data\Shaders\basic.frag">
      <Filter>Data\Shaders</Filter>
    </None>
    <None Include="..\Run_Win32\Data\Shaders\basic.vert">
      <Filter>Data\Shaders</Filter>
    </None>
    <None Include="..\Run_Win32\Data\Shaders\font.frag">
      <Filter>Data\Shaders</Filter>
    </None>
    <None Include="..\Run_Win32\Data\Shaders\font.vert">
      <Filter>Data\Shaders</Filter>
    </None>
    <None Include="..\Run_Win32\Data\Shaders\devConsole.frag">
      <Filter>Data\Shaders</Filter>
    </None>
    <None Include="..\Run_Win32\Data\Shaders\devConsole.vert">
      <Filter>Data\Shaders</Filter>
    </None>
    <None Include="..\Run_Win32\Data\Shaders\textured.frag">
      <Filter>Data\Shaders</Filter>
    </None>
    <None Include="..\Run_Win32\Data\Shaders\textured.vert">
      <Filter>Data\Shaders</Filter>
    </None>
  </ItemGroup>
  <ItemGroup>
    <Xml Include="..\Run_Win32\Data\Maps\FieldOfView.Map.xml">
      <Filter>Data\Maps</Filter>
    </Xml>
    <Xml Include="..\Run_Win32\Data\Maps\TestPathing.Map.xml">
      <Filter>Data\Maps</Filter>
    </Xml>
    <Xml Include="..\Run_Win32\Data\Maps\Town.Map.xml">
      <Filter>Data\Maps</Filter>
    </Xml>
    <Xml Include="..\Run_Win32\Data\NPCs\Factions.xml">
      <Filter>Data\NPCs</Filter>
    </Xml>
    <Xml Include="..\Run_Win32\Data\Saves\SaveGame.sav.xml">
      <Filter>Data</Filter>
    </Xml>
    <Xml Include="..\Run_Win32\Data\Features\Doors.feature.xml">
      <Filter>Data\Features</Filter>
    </Xml>
    <Xml Include="..\Run_Win32\Data\Items\Chest.item.xml">
      <Filter>Data\Items</Filter>
    </Xml>
    <Xml Include="..\Run_Win32\Data\Items\Primary.item.xml">
      <Filter>Data\Items</Filter>
    </Xml>
    <Xml Include="..\Run_Win32\Data\Items\Head.item.xml">
      <Filter>Data\Items</Filter>
    </Xml>
    <Xml Include="..\Run_Win32\Data\Items\Legs.item.xml">
      <Filter>Data\Items</Filter>
    </Xml>
    <Xml Include="..\Run_Win32\Data\Items\Potions.item.xml">
      <Filter>Data\Items</Filter>
    </Xml>
    <Xml Include="..\Run_Win32\Data\Items\Feet.item.xml">
      <Filter>Data\Items</Filter>
    </Xml>
    <Xml Include="..\Run_Win32\Data\Items\Secondary.item.xml">
      <Filter>Data\Items</Filter>
    </Xml>
    <Xml Include="..\Run_Win32\Data\NPCs\Goblin.npc.old.xml">
      <Filter>Data\NPCs</Filter>
    </Xml>
    <Xml Include="..\Run_Win32\Data\NPCs\Orc.npc.old.xml">
      <Filter>Data\NPCs</Filter>
    </Xml>
    <Xml Include="..\Run_Win32\Data\NPCs\The Dreamer.npc.old.xml">
      <Filter>Data\NPCs</Filter>
    </Xml>
    <Xml Include="..\Run_Win32\Data\NPCs\Vampire.npc.old.xml">
      <Filter>Data\NPCs</Filter>
    </Xml>
    <Xml Include="..\Run_Win32\Data\NPCs\Wolf.npc.old.xml">
      <Filter>Data\NPCs</Filter>
    </Xml>
    <Xml Include="..\Run_Win32\Data\NPCs\Zombie.npc.old.xml">
      <Filter>Data\NPCs</Filter>
    </Xml>
    <Xml Include="..\Run_Win32\Data\NPCs\Vampire Lord.npc.xml">
      <Filter>Data\NPCs</Filter>
    </Xml>
    <Xml Include="..\Run_Win32\Data\NPCs\Skeleton.npc.xml">
      <Filter>Data\NPCs</Filter>
    </Xml>
    <Xml Include="..\Run_Win32\Data\NPCs\Paladin.npc.xml">
      <Filter>Data\NPCs</Filter>
    </Xml>
    <Xml Include="..\Run_Win32\Data\NPCs\Vampire Bat.npc.xml">
      <Filter>Data\NPCs</Filter>
    </Xml>
    <Xml Include="..\Run_Win32\Data\Features\Spawners.feature.xml">
      <Filter>Data\Features</Filter>
    </Xml>
  </ItemGroup>
  <ItemGroup>
    <Text Include="..\Readme.txt" />
  </ItemGroup>
</Project>